
Microsoft Visual Studio Solution File, Format Version 12.00
# Visual Studio Version 17
VisualStudioVersion = 17.0.32112.339
MinimumVisualStudioVersion = 10.0.40219.1
Project("{FAE04EC0-301F-11D3-BF4B-00C04F79EFBC}") = "BookshelfAPI", "BookshelfAPI.csproj", "{21E40F6E-872A-4961-A16F-C1A3DE8CC635}"
EndProject
Global
	GlobalSection(SolutionConfigurationPlatforms) = preSolution
		Debug|Any CPU = Debug|Any CPU
		Release|Any CPU = Release|Any CPU
	EndGlobalSection
	GlobalSection(ProjectConfigurationPlatforms) = postSolution
		{21E40F6E-872A-4961-A16F-C1A3DE8CC635}.Debug|Any CPU.ActiveCfg = Debug|Any CPU
		{21E40F6E-872A-4961-A16F-C1A3DE8CC635}.Debug|Any CPU.Build.0 = Debug|Any CPU
		{21E40F6E-872A-4961-A16F-C1A3DE8CC635}.Release|Any CPU.ActiveCfg = Release|Any CPU
		{21E40F6E-872A-4961-A16F-C1A3DE8CC635}.Release|Any CPU.Build.0 = Release|Any CPU
	EndGlobalSection
	GlobalSection(SolutionProperties) = preSolution
		HideSolutionNode = FALSE
	EndGlobalSection
	GlobalSection(ExtensibilityGlobals) = postSolution
		SolutionGuid = {52E7483B-F135-44AD-90DF-7EBC3A79AA24}
	EndGlobalSection
EndGlobal
